
Microsoft Visual Studio Solution File, Format Version 12.00
# Visual Studio Version 16
VisualStudioVersion = 16.0.30114.105
MinimumVisualStudioVersion = 10.0.40219.1
Project("{FAE04EC0-301F-11D3-BF4B-00C04F79EFBC}") = "DiskWatcher_service", "DiskWatcher_service\DiskWatcher_service.csproj", "{64076BE4-73F7-4D7C-A240-3A3558823F8E}"
EndProject
Global
	GlobalSection(SolutionConfigurationPlatforms) = preSolution
		Debug|Any CPU = Debug|Any CPU
		Release|Any CPU = Release|Any CPU
	EndGlobalSection
	GlobalSection(ProjectConfigurationPlatforms) = postSolution
		{64076BE4-73F7-4D7C-A240-3A3558823F8E}.Debug|Any CPU.ActiveCfg = Debug|Any CPU
		{64076BE4-73F7-4D7C-A240-3A3558823F8E}.Debug|Any CPU.Build.0 = Debug|Any CPU
		{64076BE4-73F7-4D7C-A240-3A3558823F8E}.Release|Any CPU.ActiveCfg = Release|Any CPU
		{64076BE4-73F7-4D7C-A240-3A3558823F8E}.Release|Any CPU.Build.0 = Release|Any CPU
	EndGlobalSection
	GlobalSection(SolutionProperties) = preSolution
		HideSolutionNode = FALSE
	EndGlobalSection
	GlobalSection(ExtensibilityGlobals) = postSolution
		SolutionGuid = {F551F0CB-EA50-4E9E-BA8B-848E164E2BDE}
	EndGlobalSection
EndGlobal
